// !$*UTF8*$!
{
	archiveVersion = 1;
	classes = {
	};
	objectVersion = 50;
	objects = {

/* Begin PBXBuildFile section */
		9B90346522223F620055B3FE /* AppDelegate.m in Sources */ = {isa = PBXBuildFile; fileRef = 9B90346422223F620055B3FE /* AppDelegate.m */; };
		9B90346822223F620055B3FE /* ViewController.m in Sources */ = {isa = PBXBuildFile; fileRef = 9B90346722223F620055B3FE /* ViewController.m */; };
		9B90346B22223F620055B3FE /* Main.storyboard in Resources */ = {isa = PBXBuildFile; fileRef = 9B90346922223F620055B3FE /* Main.storyboard */; };
		9B90346D22223F630055B3FE /* Assets.xcassets in Resources */ = {isa = PBXBuildFile; fileRef = 9B90346C22223F630055B3FE /* Assets.xcassets */; };
		9B90347022223F630055B3FE /* LaunchScreen.storyboard in Resources */ = {isa = PBXBuildFile; fileRef = 9B90346E22223F630055B3FE /* LaunchScreen.storyboard */; };
		9B90347322223F630055B3FE /* main.m in Sources */ = {isa = PBXBuildFile; fileRef = 9B90347222223F630055B3FE /* main.m */; };
		9B903485222241250055B3FE /* WPProxy1.m in Sources */ = {isa = PBXBuildFile; fileRef = 9B903481222241250055B3FE /* WPProxy1.m */; };
		9B903486222241250055B3FE /* WPTimer.m in Sources */ = {isa = PBXBuildFile; fileRef = 9B903482222241250055B3FE /* WPTimer.m */; };
		9B903487222241250055B3FE /* WPProxy.m in Sources */ = {isa = PBXBuildFile; fileRef = 9B903483222241250055B3FE /* WPProxy.m */; };
		9B90348E222244AA0055B3FE /* WPPermenantThread.m in Sources */ = {isa = PBXBuildFile; fileRef = 9B90348D222244AA0055B3FE /* WPPermenantThread.m */; };
/* End PBXBuildFile section */

/* Begin PBXFileReference section */
		9B90346022223F620055B3FE /* iOSTool.app */ = {isa = PBXFileReference; explicitFileType = wrapper.application; includeInIndex = 0; path = iOSTool.app; sourceTree = BUILT_PRODUCTS_DIR; };
		9B90346322223F620055B3FE /* AppDelegate.h */ = {isa = PBXFileReference; lastKnownFileType = sourcecode.c.h; path = AppDelegate.h; sourceTree = "<group>"; };
		9B90346422223F620055B3FE /* AppDelegate.m */ = {isa = PBXFileReference; lastKnownFileType = sourcecode.c.objc; path = AppDelegate.m; sourceTree = "<group>"; };
		9B90346622223F620055B3FE /* ViewController.h */ = {isa = PBXFileReference; lastKnownFileType = sourcecode.c.h; path = ViewController.h; sourceTree = "<group>"; };
		9B90346722223F620055B3FE /* ViewController.m */ = {isa = PBXFileReference; lastKnownFileType = sourcecode.c.objc; path = ViewController.m; sourceTree = "<group>"; };
		9B90346A22223F620055B3FE /* Base */ = {isa = PBXFileReference; lastKnownFileType = file.storyboard; name = Base; path = Base.lproj/Main.storyboard; sourceTree = "<group>"; };
		9B90346C22223F630055B3FE /* Assets.xcassets */ = {isa = PBXFileReference; lastKnownFileType = folder.assetcatalog; path = Assets.xcassets; sourceTree = "<group>"; };
		9B90346F22223F630055B3FE /* Base */ = {isa = PBXFileReference; lastKnownFileType = file.storyboard; name = Base; path = Base.lproj/LaunchScreen.storyboard; sourceTree = "<group>"; };
		9B90347122223F630055B3FE /* Info.plist */ = {isa = PBXFileReference; lastKnownFileType = text.plist.xml; path = Info.plist; sourceTree = "<group>"; };
		9B90347222223F630055B3FE /* main.m */ = {isa = PBXFileReference; lastKnownFileType = sourcecode.c.objc; path = main.m; sourceTree = "<group>"; };
		9B90347F222241250055B3FE /* WPProxy1.h */ = {isa = PBXFileReference; fileEncoding = 4; lastKnownFileType = sourcecode.c.h; path = WPProxy1.h; sourceTree = "<group>"; };
		9B903480222241250055B3FE /* WPProxy.h */ = {isa = PBXFileReference; fileEncoding = 4; lastKnownFileType = sourcecode.c.h; path = WPProxy.h; sourceTree = "<group>"; };
		9B903481222241250055B3FE /* WPProxy1.m */ = {isa = PBXFileReference; fileEncoding = 4; lastKnownFileType = sourcecode.c.objc; path = WPProxy1.m; sourceTree = "<group>"; };
		9B903482222241250055B3FE /* WPTimer.m */ = {isa = PBXFileReference; fileEncoding = 4; lastKnownFileType = sourcecode.c.objc; path = WPTimer.m; sourceTree = "<group>"; };
		9B903483222241250055B3FE /* WPProxy.m */ = {isa = PBXFileReference; fileEncoding = 4; lastKnownFileType = sourcecode.c.objc; path = WPProxy.m; sourceTree = "<group>"; };
		9B903484222241250055B3FE /* WPTimer.h */ = {isa = PBXFileReference; fileEncoding = 4; lastKnownFileType = sourcecode.c.h; path = WPTimer.h; sourceTree = "<group>"; };
		9B90348C222244AA0055B3FE /* WPPermenantThread.h */ = {isa = PBXFileReference; fileEncoding = 4; lastKnownFileType = sourcecode.c.h; path = WPPermenantThread.h; sourceTree = "<group>"; };
		9B90348D222244AA0055B3FE /* WPPermenantThread.m */ = {isa = PBXFileReference; fileEncoding = 4; lastKnownFileType = sourcecode.c.objc; path = WPPermenantThread.m; sourceTree = "<group>"; };
/* End PBXFileReference section */

/* Begin PBXFrameworksBuildPhase section */
		9B90345D22223F620055B3FE /* Frameworks */ = {
			isa = PBXFrameworksBuildPhase;
			buildActionMask = 2147483647;
			files = (
			);
			runOnlyForDeploymentPostprocessing = 0;
		};
/* End PBXFrameworksBuildPhase section */

/* Begin PBXGroup section */
		9B90345722223F620055B3FE = {
			isa = PBXGroup;
			children = (
				9B90346222223F620055B3FE /* iOSTool */,
				9B90346122223F620055B3FE /* Products */,
			);
			sourceTree = "<group>";
		};
		9B90346122223F620055B3FE /* Products */ = {
			isa = PBXGroup;
			children = (
				9B90346022223F620055B3FE /* iOSTool.app */,
			);
			name = Products;
			sourceTree = "<group>";
		};
		9B90346222223F620055B3FE /* iOSTool */ = {
			isa = PBXGroup;
			children = (
				9B90348B222244940055B3FE /* Thread */,
				9B90347E222240750055B3FE /* ResolveTimeStrong */,
				9B90347B22223FFC0055B3FE /* Other */,
				9B90347A22223FC80055B3FE /* Main */,
				9B90347922223FA30055B3FE /* Delegate */,
			);
			path = iOSTool;
			sourceTree = "<group>";
		};
		9B90347922223FA30055B3FE /* Delegate */ = {
			isa = PBXGroup;
			children = (
				9B90346322223F620055B3FE /* AppDelegate.h */,
				9B90346422223F620055B3FE /* AppDelegate.m */,
			);
			path = Delegate;
			sourceTree = "<group>";
		};
		9B90347A22223FC80055B3FE /* Main */ = {
			isa = PBXGroup;
			children = (
				9B90347222223F630055B3FE /* main.m */,
				9B90346622223F620055B3FE /* ViewController.h */,
				9B90346722223F620055B3FE /* ViewController.m */,
				9B90346922223F620055B3FE /* Main.storyboard */,
			);
			path = Main;
			sourceTree = "<group>";
		};
		9B90347B22223FFC0055B3FE /* Other */ = {
			isa = PBXGroup;
			children = (
				9B90346C22223F630055B3FE /* Assets.xcassets */,
				9B90346E22223F630055B3FE /* LaunchScreen.storyboard */,
				9B90347122223F630055B3FE /* Info.plist */,
			);
			path = Other;
			sourceTree = "<group>";
		};
		9B90347E222240750055B3FE /* ResolveTimeStrong */ = {
			isa = PBXGroup;
			children = (
				9B903480222241250055B3FE /* WPProxy.h */,
				9B903483222241250055B3FE /* WPProxy.m */,
				9B90347F222241250055B3FE /* WPProxy1.h */,
				9B903481222241250055B3FE /* WPProxy1.m */,
				9B903484222241250055B3FE /* WPTimer.h */,
				9B903482222241250055B3FE /* WPTimer.m */,
			);
			path = ResolveTimeStrong;
			sourceTree = "<group>";
		};
		9B90348B222244940055B3FE /* Thread */ = {
			isa = PBXGroup;
			children = (
				9B90348C222244AA0055B3FE /* WPPermenantThread.h */,
				9B90348D222244AA0055B3FE /* WPPermenantThread.m */,
			);
			path = Thread;
			sourceTree = "<group>";
		};
/* End PBXGroup section */

/* Begin PBXNativeTarget section */
		9B90345F22223F620055B3FE /* iOSTool */ = {
			isa = PBXNativeTarget;
			buildConfigurationList = 9B90347622223F630055B3FE /* Build configuration list for PBXNativeTarget "iOSTool" */;
			buildPhases = (
				9B90345C22223F620055B3FE /* Sources */,
				9B90345D22223F620055B3FE /* Frameworks */,
				9B90345E22223F620055B3FE /* Resources */,
			);
			buildRules = (
			);
			dependencies = (
			);
			name = iOSTool;
			productName = iOSTool;
			productReference = 9B90346022223F620055B3FE /* iOSTool.app */;
			productType = "com.apple.product-type.application";
		};
/* End PBXNativeTarget section */

/* Begin PBXProject section */
		9B90345822223F620055B3FE /* Project object */ = {
			isa = PBXProject;
			attributes = {
				LastUpgradeCheck = 1010;
				ORGANIZATIONNAME = wp;
				TargetAttributes = {
					9B90345F22223F620055B3FE = {
						CreatedOnToolsVersion = 10.1;
					};
				};
			};
			buildConfigurationList = 9B90345B22223F620055B3FE /* Build configuration list for PBXProject "iOSTool" */;
			compatibilityVersion = "Xcode 9.3";
			developmentRegion = en;
			hasScannedForEncodings = 0;
			knownRegions = (
				en,
				Base,
			);
			mainGroup = 9B90345722223F620055B3FE;
			productRefGroup = 9B90346122223F620055B3FE /* Products */;
			projectDirPath = "";
			projectRoot = "";
			targets = (
				9B90345F22223F620055B3FE /* iOSTool */,
			);
		};
/* End PBXProject section */

/* Begin PBXResourcesBuildPhase section */
		9B90345E22223F620055B3FE /* Resources */ = {
			isa = PBXResourcesBuildPhase;
			buildActionMask = 2147483647;
			files = (
				9B90347022223F630055B3FE /* LaunchScreen.storyboard in Resources */,
				9B90346D22223F630055B3FE /* Assets.xcassets in Resources */,
				9B90346B22223F620055B3FE /* Main.storyboard in Resources */,
			);
			runOnlyForDeploymentPostprocessing = 0;
		};
/* End PBXResourcesBuildPhase section */

/* Begin PBXSourcesBuildPhase section */
		9B90345C22223F620055B3FE /* Sources */ = {
			isa = PBXSourcesBuildPhase;
			buildActionMask = 2147483647;
			files = (
				9B90346822223F620055B3FE /* ViewController.m in Sources */,
				9B90348E222244AA0055B3FE /* WPPermenantThread.m in Sources */,
				9B90347322223F630055B3FE /* main.m in Sources */,
				9B90346522223F620055B3FE /* AppDelegate.m in Sources */,
				9B903487222241250055B3FE /* WPProxy.m in Sources */,
				9B903485222241250055B3FE /* WPProxy1.m in Sources */,
				9B903486222241250055B3FE /* WPTimer.m in Sources */,
			);
			runOnlyForDeploymentPostprocessing = 0;
		};
/* End PBXSourcesBuildPhase section */

/* Begin PBXVariantGroup section */
		9B90346922223F620055B3FE /* Main.storyboard */ = {
			isa = PBXVariantGroup;
			children = (
				9B90346A22223F620055B3FE /* Base */,
			);
			name = Main.storyboard;
			sourceTree = "<group>";
		};
		9B90346E22223F630055B3FE /* LaunchScreen.storyboard */ = {
			isa = PBXVariantGroup;
			children = (
				9B90346F22223F630055B3FE /* Base */,
			);
			name = LaunchScreen.storyboard;
			sourceTree = "<group>";
		};
/* End PBXVariantGroup section */

/* Begin XCBuildConfiguration section */
		9B90347422223F630055B3FE /* Debug */ = {
			isa = XCBuildConfiguration;
			buildSettings = {
				ALWAYS_SEARCH_USER_PATHS = NO;
				CLANG_ANALYZER_NONNULL = YES;
				CLANG_ANALYZER_NUMBER_OBJECT_CONVERSION = YES_AGGRESSIVE;
				CLANG_CXX_LANGUAGE_STANDARD = "gnu++14";
				CLANG_CXX_LIBRARY = "libc++";
				CLANG_ENABLE_MODULES = YES;
				CLANG_ENABLE_OBJC_ARC = YES;
				CLANG_ENABLE_OBJC_WEAK = YES;
				CLANG_WARN_BLOCK_CAPTURE_AUTORELEASING = YES;
				CLANG_WARN_BOOL_CONVERSION = YES;
				CLANG_WARN_COMMA = YES;
				CLANG_WARN_CONSTANT_CONVERSION = YES;
				CLANG_WARN_DEPRECATED_OBJC_IMPLEMENTATIONS = YES;
				CLANG_WARN_DIRECT_OBJC_ISA_USAGE = YES_ERROR;
				CLANG_WARN_DOCUMENTATION_COMMENTS = YES;
				CLANG_WARN_EMPTY_BODY = YES;
				CLANG_WARN_ENUM_CONVERSION = YES;
				CLANG_WARN_INFINITE_RECURSION = YES;
				CLANG_WARN_INT_CONVERSION = YES;
				CLANG_WARN_NON_LITERAL_NULL_CONVERSION = YES;
				CLANG_WARN_OBJC_IMPLICIT_RETAIN_SELF = YES;
				CLANG_WARN_OBJC_LITERAL_CONVERSION = YES;
				CLANG_WARN_OBJC_ROOT_CLASS = YES_ERROR;
				CLANG_WARN_RANGE_LOOP_ANALYSIS = YES;
				CLANG_WARN_STRICT_PROTOTYPES = YES;
				CLANG_WARN_SUSPICIOUS_MOVE = YES;
				CLANG_WARN_UNGUARDED_AVAILABILITY = YES_AGGRESSIVE;
				CLANG_WARN_UNREACHABLE_CODE = YES;
				CLANG_WARN__DUPLICATE_METHOD_MATCH = YES;
				CODE_SIGN_IDENTITY = "iPhone Developer";
				COPY_PHASE_STRIP = NO;
				DEBUG_INFORMATION_FORMAT = dwarf;
				ENABLE_STRICT_OBJC_MSGSEND = YES;
				ENABLE_TESTABILITY = YES;
				GCC_C_LANGUAGE_STANDARD = gnu11;
				GCC_DYNAMIC_NO_PIC = NO;
				GCC_NO_COMMON_BLOCKS = YES;
				GCC_OPTIMIZATION_LEVEL = 0;
				GCC_PREPROCESSOR_DEFINITIONS = (
					"DEBUG=1",
					"$(inherited)",
				);
				GCC_WARN_64_TO_32_BIT_CONVERSION = YES;
				GCC_WARN_ABOUT_RETURN_TYPE = YES_ERROR;
				GCC_WARN_UNDECLARED_SELECTOR = YES;
				GCC_WARN_UNINITIALIZED_AUTOS = YES_AGGRESSIVE;
				GCC_WARN_UNUSED_FUNCTION = YES;
				GCC_WARN_UNUSED_VARIABLE = YES;
				IPHONEOS_DEPLOYMENT_TARGET = 12.1;
				MTL_ENABLE_DEBUG_INFO = INCLUDE_SOURCE;
				MTL_FAST_MATH = YES;
				ONLY_ACTIVE_ARCH = YES;
				SDKROOT = iphoneos;
			};
			name = Debug;
		};
		9B90347522223F630055B3FE /* Release */ = {
			isa = XCBuildConfiguration;
			buildSettings = {
				ALWAYS_SEARCH_USER_PATHS = NO;
				CLANG_ANALYZER_NONNULL = YES;
				CLANG_ANALYZER_NUMBER_OBJECT_CONVERSION = YES_AGGRESSIVE;
				CLANG_CXX_LANGUAGE_STANDARD = "gnu++14";
				CLANG_CXX_LIBRARY = "libc++";
				CLANG_ENABLE_MODULES = YES;
				CLANG_ENABLE_OBJC_ARC = YES;
				CLANG_ENABLE_OBJC_WEAK = YES;
				CLANG_WARN_BLOCK_CAPTURE_AUTORELEASING = YES;
				CLANG_WARN_BOOL_CONVERSION = YES;
				CLANG_WARN_COMMA = YES;
				CLANG_WARN_CONSTANT_CONVERSION = YES;
				CLANG_WARN_DEPRECATED_OBJC_IMPLEMENTATIONS = YES;
				CLANG_WARN_DIRECT_OBJC_ISA_USAGE = YES_ERROR;
				CLANG_WARN_DOCUMENTATION_COMMENTS = YES;
				CLANG_WARN_EMPTY_BODY = YES;
				CLANG_WARN_ENUM_CONVERSION = YES;
				CLANG_WARN_INFINITE_RECURSION = YES;
				CLANG_WARN_INT_CONVERSION = YES;
				CLANG_WARN_NON_LITERAL_NULL_CONVERSION = YES;
				CLANG_WARN_OBJC_IMPLICIT_RETAIN_SELF = YES;
				CLANG_WARN_OBJC_LITERAL_CONVERSION = YES;
				CLANG_WARN_OBJC_ROOT_CLASS = YES_ERROR;
				CLANG_WARN_RANGE_LOOP_ANALYSIS = YES;
				CLANG_WARN_STRICT_PROTOTYPES = YES;
				CLANG_WARN_SUSPICIOUS_MOVE = YES;
				CLANG_WARN_UNGUARDED_AVAILABILITY = YES_AGGRESSIVE;
				CLANG_WARN_UNREACHABLE_CODE = YES;
				CLANG_WARN__DUPLICATE_METHOD_MATCH = YES;
				CODE_SIGN_IDENTITY = "iPhone Developer";
				COPY_PHASE_STRIP = NO;
				DEBUG_INFORMATION_FORMAT = "dwarf-with-dsym";
				ENABLE_NS_ASSERTIONS = NO;
				ENABLE_STRICT_OBJC_MSGSEND = YES;
				GCC_C_LANGUAGE_STANDARD = gnu11;
				GCC_NO_COMMON_BLOCKS = YES;
				GCC_WARN_64_TO_32_BIT_CONVERSION = YES;
				GCC_WARN_ABOUT_RETURN_TYPE = YES_ERROR;
				GCC_WARN_UNDECLARED_SELECTOR = YES;
				GCC_WARN_UNINITIALIZED_AUTOS = YES_AGGRESSIVE;
				GCC_WARN_UNUSED_FUNCTION = YES;
				GCC_WARN_UNUSED_VARIABLE = YES;
				IPHONEOS_DEPLOYMENT_TARGET = 12.1;
				MTL_ENABLE_DEBUG_INFO = NO;
				MTL_FAST_MATH = YES;
				SDKROOT = iphoneos;
				VALIDATE_PRODUCT = YES;
			};
			name = Release;
		};
		9B90347722223F630055B3FE /* Debug */ = {
			isa = XCBuildConfiguration;
			buildSettings = {
				ASSETCATALOG_COMPILER_APPICON_NAME = AppIcon;
				CODE_SIGN_STYLE = Automatic;
				INFOPLIST_FILE = "$(SRCROOT)/iOSTool/Other/Info.plist";
				LD_RUNPATH_SEARCH_PATHS = (
					"$(inherited)",
					"@executable_path/Frameworks",
				);
				PRODUCT_BUNDLE_IDENTIFIER = com.wp.cn.iOSTool;
				PRODUCT_NAME = "$(TARGET_NAME)";
				TARGETED_DEVICE_FAMILY = "1,2";
			};
			name = Debug;
		};
		9B90347822223F630055B3FE /* Release */ = {
			isa = XCBuildConfiguration;
			buildSettings = {
				ASSETCATALOG_COMPILER_APPICON_NAME = AppIcon;
				CODE_SIGN_STYLE = Automatic;
				INFOPLIST_FILE = "$(SRCROOT)/iOSTool/Other/Info.plist";
				LD_RUNPATH_SEARCH_PATHS = (
					"$(inherited)",
					"@executable_path/Frameworks",
				);
				PRODUCT_BUNDLE_IDENTIFIER = com.wp.cn.iOSTool;
				PRODUCT_NAME = "$(TARGET_NAME)";
				TARGETED_DEVICE_FAMILY = "1,2";
			};
			name = Release;
		};
/* End XCBuildConfiguration section */

/* Begin XCConfigurationList section */
		9B90345B22223F620055B3FE /* Build configuration list for PBXProject "iOSTool" */ = {
			isa = XCConfigurationList;
			buildConfigurations = (
				9B90347422223F630055B3FE /* Debug */,
				9B90347522223F630055B3FE /* Release */,
			);
			defaultConfigurationIsVisible = 0;
			defaultConfigurationName = Release;
		};
		9B90347622223F630055B3FE /* Build configuration list for PBXNativeTarget "iOSTool" */ = {
			isa = XCConfigurationList;
			buildConfigurations = (
				9B90347722223F630055B3FE /* Debug */,
				9B90347822223F630055B3FE /* Release */,
			);
			defaultConfigurationIsVisible = 0;
			defaultConfigurationName = Release;
		};
/* End XCConfigurationList section */
	};
	rootObject = 9B90345822223F620055B3FE /* Project object */;
}
